
Microsoft Visual Studio Solution File, Format Version 12.00
# Visual Studio Version 17
VisualStudioVersion = 17.8.34322.80
MinimumVisualStudioVersion = 10.0.40219.1
Project("{FAE04EC0-301F-11D3-BF4B-00C04F79EFBC}") = "C# HELLO WORLD", "C# HELLO WORLD.csproj", "{69412C1F-6549-4194-B17F-B714A5518195}"
EndProject
Global
	GlobalSection(SolutionConfigurationPlatforms) = preSolution
		Debug|Any CPU = Debug|Any CPU
		Release|Any CPU = Release|Any CPU
	EndGlobalSection
	GlobalSection(ProjectConfigurationPlatforms) = postSolution
		{69412C1F-6549-4194-B17F-B714A5518195}.Debug|Any CPU.ActiveCfg = Debug|Any CPU
		{69412C1F-6549-4194-B17F-B714A5518195}.Debug|Any CPU.Build.0 = Debug|Any CPU
		{69412C1F-6549-4194-B17F-B714A5518195}.Release|Any CPU.ActiveCfg = Release|Any CPU
		{69412C1F-6549-4194-B17F-B714A5518195}.Release|Any CPU.Build.0 = Release|Any CPU
	EndGlobalSection
	GlobalSection(SolutionProperties) = preSolution
		HideSolutionNode = FALSE
	EndGlobalSection
	GlobalSection(ExtensibilityGlobals) = postSolution
		SolutionGuid = {E1EFD6B2-1448-4627-BBB2-93340FD67202}
	EndGlobalSection
EndGlobal
